<?xml version="1.0" encoding="UTF-8" standalone="yes" ?>
<CodeBlocks_project_file>
	<FileVersion major="1" minor="6" />
	<Project>
		<Option title="WallEditor" />
		<Option pch_mode="2" />
		<Option compiler="gcc" />
		<Build>
			<Target title="Debug">
				<Option output="bin/Debug/WallEditor" prefix_auto="1" extension_auto="1" />
				<Option object_output="obj/Debug/" />
				<Option type="0" />
				<Option compiler="gcc" />
				<Option projectLinkerOptionsRelation="2" />
				<Compiler>
					<Add option="-march=athlon-xp" />
					<Add option="-g" />
					<Add directory="include" />
				</Compiler>
			</Target>
			<Target title="Release">
				<Option output="bin/Release/WallEditor" prefix_auto="1" extension_auto="1" />
				<Option object_output="obj/Release/" />
				<Option type="0" />
				<Option compiler="gcc" />
				<Option projectLinkerOptionsRelation="2" />
				<Compiler>
					<Add option="-O2" />
					<Add directory="include" />
				</Compiler>
				<Linker>
					<Add option="-s" />
				</Linker>
			</Target>
		</Build>
		<Compiler>
			<Add option="-Wall" />
			<Add option="-std=c++11" />
			<Add option="`wx-config --cflags`" />
			<Add directory="/home/vladyslav/WallEditor/" />
			<Add directory="src/src_LW" />
			<Add directory="include/include_LW" />
		</Compiler>
		<Linker>
			<Add option="-std=c++11" />
			<Add option="`wx-config --libs`" />
		</Linker>
		<Unit filename="WallEditorApp.cpp" />
		<Unit filename="WallEditorApp.h" />
		<Unit filename="WallEditorMain.cpp" />
		<Unit filename="WallEditorMain.h" />
		<Unit filename="include/MyCanvas.h" />
		<Unit filename="src/MyCanvas.cpp" />
		<Unit filename="src/src_LW/Geometry.cpp" />
		<Unit filename="src/src_LW/Line.cpp" />
		<Unit filename="src/src_LW/LineA.cpp" />
		<Unit filename="src/src_LW/LineEq.cpp" />
		<Extensions>
			<lib_finder disable_auto="1" />
		</Extensions>
	</Project>
</CodeBlocks_project_file>
